// !$*UTF8*$!
{
	archiveVersion = 1;
	classes = {
	};
	objectVersion = 50;
	objects = {

/* Begin PBXBuildFile section */
		D8E3B8B523070C5F00E2B0B8 /* AppDelegate.swift in Sources */ = {isa = PBXBuildFile; fileRef = D8E3B8B423070C5F00E2B0B8 /* AppDelegate.swift */; };
		D8E3B8B723070C5F00E2B0B8 /* WelcomeViewController.swift in Sources */ = {isa = PBXBuildFile; fileRef = D8E3B8B623070C5F00E2B0B8 /* WelcomeViewController.swift */; };
		D8E3B8BA23070C5F00E2B0B8 /* Main.storyboard in Resources */ = {isa = PBXBuildFile; fileRef = D8E3B8B823070C5F00E2B0B8 /* Main.storyboard */; };
		D8E3B8BC23070C6100E2B0B8 /* Assets.xcassets in Resources */ = {isa = PBXBuildFile; fileRef = D8E3B8BB23070C6100E2B0B8 /* Assets.xcassets */; };
		D8E3B8BF23070C6100E2B0B8 /* LaunchScreen.storyboard in Resources */ = {isa = PBXBuildFile; fileRef = D8E3B8BD23070C6100E2B0B8 /* LaunchScreen.storyboard */; };
		D8E3B8C72307133D00E2B0B8 /* APIController.swift in Sources */ = {isa = PBXBuildFile; fileRef = D8E3B8C62307133D00E2B0B8 /* APIController.swift */; };
		D8E3B8C92307176100E2B0B8 /* Bearer.swift in Sources */ = {isa = PBXBuildFile; fileRef = D8E3B8C82307176100E2B0B8 /* Bearer.swift */; };
		D8E3B8CB2307192E00E2B0B8 /* User.swift in Sources */ = {isa = PBXBuildFile; fileRef = D8E3B8CA2307192E00E2B0B8 /* User.swift */; };
/* End PBXBuildFile section */

/* Begin PBXFileReference section */
		D8E3B8B123070C5F00E2B0B8 /* Replate.app */ = {isa = PBXFileReference; explicitFileType = wrapper.application; includeInIndex = 0; path = Replate.app; sourceTree = BUILT_PRODUCTS_DIR; };
		D8E3B8B423070C5F00E2B0B8 /* AppDelegate.swift */ = {isa = PBXFileReference; lastKnownFileType = sourcecode.swift; path = AppDelegate.swift; sourceTree = "<group>"; };
		D8E3B8B623070C5F00E2B0B8 /* WelcomeViewController.swift */ = {isa = PBXFileReference; lastKnownFileType = sourcecode.swift; path = WelcomeViewController.swift; sourceTree = "<group>"; };
		D8E3B8B923070C5F00E2B0B8 /* Base */ = {isa = PBXFileReference; lastKnownFileType = file.storyboard; name = Base; path = Base.lproj/Main.storyboard; sourceTree = "<group>"; };
		D8E3B8BB23070C6100E2B0B8 /* Assets.xcassets */ = {isa = PBXFileReference; lastKnownFileType = folder.assetcatalog; path = Assets.xcassets; sourceTree = "<group>"; };
		D8E3B8BE23070C6100E2B0B8 /* Base */ = {isa = PBXFileReference; lastKnownFileType = file.storyboard; name = Base; path = Base.lproj/LaunchScreen.storyboard; sourceTree = "<group>"; };
		D8E3B8C023070C6100E2B0B8 /* Info.plist */ = {isa = PBXFileReference; lastKnownFileType = text.plist.xml; path = Info.plist; sourceTree = "<group>"; };
		D8E3B8C62307133D00E2B0B8 /* APIController.swift */ = {isa = PBXFileReference; lastKnownFileType = sourcecode.swift; path = APIController.swift; sourceTree = "<group>"; };
		D8E3B8C82307176100E2B0B8 /* Bearer.swift */ = {isa = PBXFileReference; lastKnownFileType = sourcecode.swift; path = Bearer.swift; sourceTree = "<group>"; };
		D8E3B8CA2307192E00E2B0B8 /* User.swift */ = {isa = PBXFileReference; lastKnownFileType = sourcecode.swift; path = User.swift; sourceTree = "<group>"; };
/* End PBXFileReference section */

/* Begin PBXFrameworksBuildPhase section */
		D8E3B8AE23070C5F00E2B0B8 /* Frameworks */ = {
			isa = PBXFrameworksBuildPhase;
			buildActionMask = 2147483647;
			files = (
			);
			runOnlyForDeploymentPostprocessing = 0;
		};
/* End PBXFrameworksBuildPhase section */

/* Begin PBXGroup section */
		D8E3B8A823070C5F00E2B0B8 = {
			isa = PBXGroup;
			children = (
				D8E3B8B323070C5F00E2B0B8 /* Replate */,
				D8E3B8B223070C5F00E2B0B8 /* Products */,
			);
			sourceTree = "<group>";
		};
		D8E3B8B223070C5F00E2B0B8 /* Products */ = {
			isa = PBXGroup;
			children = (
				D8E3B8B123070C5F00E2B0B8 /* Replate.app */,
			);
			name = Products;
			sourceTree = "<group>";
		};
		D8E3B8B323070C5F00E2B0B8 /* Replate */ = {
			isa = PBXGroup;
			children = (
				D8E3B8CD2307220E00E2B0B8 /* Model Controllers */,
				D8E3B8CC230719F500E2B0B8 /* Model */,
				D8E3B8B423070C5F00E2B0B8 /* AppDelegate.swift */,
				D8E3B8B623070C5F00E2B0B8 /* WelcomeViewController.swift */,
				D8E3B8B823070C5F00E2B0B8 /* Main.storyboard */,
				D8E3B8BB23070C6100E2B0B8 /* Assets.xcassets */,
				D8E3B8BD23070C6100E2B0B8 /* LaunchScreen.storyboard */,
				D8E3B8C023070C6100E2B0B8 /* Info.plist */,
			);
			path = Replate;
			sourceTree = "<group>";
		};
		D8E3B8CC230719F500E2B0B8 /* Model */ = {
			isa = PBXGroup;
			children = (
				D8E3B8C82307176100E2B0B8 /* Bearer.swift */,
				D8E3B8CA2307192E00E2B0B8 /* User.swift */,
			);
			path = Model;
			sourceTree = "<group>";
		};
		D8E3B8CD2307220E00E2B0B8 /* Model Controllers */ = {
			isa = PBXGroup;
			children = (
				D8E3B8C62307133D00E2B0B8 /* APIController.swift */,
			);
			path = "Model Controllers";
			sourceTree = "<group>";
		};
/* End PBXGroup section */

/* Begin PBXNativeTarget section */
		D8E3B8B023070C5F00E2B0B8 /* Replate */ = {
			isa = PBXNativeTarget;
			buildConfigurationList = D8E3B8C323070C6100E2B0B8 /* Build configuration list for PBXNativeTarget "Replate" */;
			buildPhases = (
				D8E3B8AD23070C5F00E2B0B8 /* Sources */,
				D8E3B8AE23070C5F00E2B0B8 /* Frameworks */,
				D8E3B8AF23070C5F00E2B0B8 /* Resources */,
			);
			buildRules = (
			);
			dependencies = (
			);
			name = Replate;
			productName = Replate;
			productReference = D8E3B8B123070C5F00E2B0B8 /* Replate.app */;
			productType = "com.apple.product-type.application";
		};
/* End PBXNativeTarget section */

/* Begin PBXProject section */
		D8E3B8A923070C5F00E2B0B8 /* Project object */ = {
			isa = PBXProject;
			attributes = {
				LastSwiftUpdateCheck = 1030;
				LastUpgradeCheck = 1030;
				ORGANIZATIONNAME = "Glas Labs";
				TargetAttributes = {
					D8E3B8B023070C5F00E2B0B8 = {
						CreatedOnToolsVersion = 10.3;
					};
				};
			};
			buildConfigurationList = D8E3B8AC23070C5F00E2B0B8 /* Build configuration list for PBXProject "Replate" */;
			compatibilityVersion = "Xcode 9.3";
			developmentRegion = en;
			hasScannedForEncodings = 0;
			knownRegions = (
				en,
				Base,
			);
			mainGroup = D8E3B8A823070C5F00E2B0B8;
			productRefGroup = D8E3B8B223070C5F00E2B0B8 /* Products */;
			projectDirPath = "";
			projectRoot = "";
			targets = (
				D8E3B8B023070C5F00E2B0B8 /* Replate */,
			);
		};
/* End PBXProject section */

/* Begin PBXResourcesBuildPhase section */
		D8E3B8AF23070C5F00E2B0B8 /* Resources */ = {
			isa = PBXResourcesBuildPhase;
			buildActionMask = 2147483647;
			files = (
				D8E3B8BF23070C6100E2B0B8 /* LaunchScreen.storyboard in Resources */,
				D8E3B8BC23070C6100E2B0B8 /* Assets.xcassets in Resources */,
				D8E3B8BA23070C5F00E2B0B8 /* Main.storyboard in Resources */,
			);
			runOnlyForDeploymentPostprocessing = 0;
		};
/* End PBXResourcesBuildPhase section */

/* Begin PBXSourcesBuildPhase section */
		D8E3B8AD23070C5F00E2B0B8 /* Sources */ = {
			isa = PBXSourcesBuildPhase;
			buildActionMask = 2147483647;
			files = (
				D8E3B8C92307176100E2B0B8 /* Bearer.swift in Sources */,
				D8E3B8B723070C5F00E2B0B8 /* WelcomeViewController.swift in Sources */,
				D8E3B8B523070C5F00E2B0B8 /* AppDelegate.swift in Sources */,
				D8E3B8CB2307192E00E2B0B8 /* User.swift in Sources */,
				D8E3B8C72307133D00E2B0B8 /* APIController.swift in Sources */,
			);
			runOnlyForDeploymentPostprocessing = 0;
		};
/* End PBXSourcesBuildPhase section */

/* Begin PBXVariantGroup section */
		D8E3B8B823070C5F00E2B0B8 /* Main.storyboard */ = {
			isa = PBXVariantGroup;
			children = (
				D8E3B8B923070C5F00E2B0B8 /* Base */,
			);
			name = Main.storyboard;
			sourceTree = "<group>";
		};
		D8E3B8BD23070C6100E2B0B8 /* LaunchScreen.storyboard */ = {
			isa = PBXVariantGroup;
			children = (
				D8E3B8BE23070C6100E2B0B8 /* Base */,
			);
			name = LaunchScreen.storyboard;
			sourceTree = "<group>";
		};
/* End PBXVariantGroup section */

/* Begin XCBuildConfiguration section */
		D8E3B8C123070C6100E2B0B8 /* Debug */ = {
			isa = XCBuildConfiguration;
			buildSettings = {
				ALWAYS_SEARCH_USER_PATHS = NO;
				CLANG_ANALYZER_NONNULL = YES;
				CLANG_ANALYZER_NUMBER_OBJECT_CONVERSION = YES_AGGRESSIVE;
				CLANG_CXX_LANGUAGE_STANDARD = "gnu++14";
				CLANG_CXX_LIBRARY = "libc++";
				CLANG_ENABLE_MODULES = YES;
				CLANG_ENABLE_OBJC_ARC = YES;
				CLANG_ENABLE_OBJC_WEAK = YES;
				CLANG_WARN_BLOCK_CAPTURE_AUTORELEASING = YES;
				CLANG_WARN_BOOL_CONVERSION = YES;
				CLANG_WARN_COMMA = YES;
				CLANG_WARN_CONSTANT_CONVERSION = YES;
				CLANG_WARN_DEPRECATED_OBJC_IMPLEMENTATIONS = YES;
				CLANG_WARN_DIRECT_OBJC_ISA_USAGE = YES_ERROR;
				CLANG_WARN_DOCUMENTATION_COMMENTS = YES;
				CLANG_WARN_EMPTY_BODY = YES;
				CLANG_WARN_ENUM_CONVERSION = YES;
				CLANG_WARN_INFINITE_RECURSION = YES;
				CLANG_WARN_INT_CONVERSION = YES;
				CLANG_WARN_NON_LITERAL_NULL_CONVERSION = YES;
				CLANG_WARN_OBJC_IMPLICIT_RETAIN_SELF = YES;
				CLANG_WARN_OBJC_LITERAL_CONVERSION = YES;
				CLANG_WARN_OBJC_ROOT_CLASS = YES_ERROR;
				CLANG_WARN_RANGE_LOOP_ANALYSIS = YES;
				CLANG_WARN_STRICT_PROTOTYPES = YES;
				CLANG_WARN_SUSPICIOUS_MOVE = YES;
				CLANG_WARN_UNGUARDED_AVAILABILITY = YES_AGGRESSIVE;
				CLANG_WARN_UNREACHABLE_CODE = YES;
				CLANG_WARN__DUPLICATE_METHOD_MATCH = YES;
				CODE_SIGN_IDENTITY = "iPhone Developer";
				COPY_PHASE_STRIP = NO;
				DEBUG_INFORMATION_FORMAT = dwarf;
				ENABLE_STRICT_OBJC_MSGSEND = YES;
				ENABLE_TESTABILITY = YES;
				GCC_C_LANGUAGE_STANDARD = gnu11;
				GCC_DYNAMIC_NO_PIC = NO;
				GCC_NO_COMMON_BLOCKS = YES;
				GCC_OPTIMIZATION_LEVEL = 0;
				GCC_PREPROCESSOR_DEFINITIONS = (
					"DEBUG=1",
					"$(inherited)",
				);
				GCC_WARN_64_TO_32_BIT_CONVERSION = YES;
				GCC_WARN_ABOUT_RETURN_TYPE = YES_ERROR;
				GCC_WARN_UNDECLARED_SELECTOR = YES;
				GCC_WARN_UNINITIALIZED_AUTOS = YES_AGGRESSIVE;
				GCC_WARN_UNUSED_FUNCTION = YES;
				GCC_WARN_UNUSED_VARIABLE = YES;
				IPHONEOS_DEPLOYMENT_TARGET = 12.4;
				MTL_ENABLE_DEBUG_INFO = INCLUDE_SOURCE;
				MTL_FAST_MATH = YES;
				ONLY_ACTIVE_ARCH = YES;
				SDKROOT = iphoneos;
				SWIFT_ACTIVE_COMPILATION_CONDITIONS = DEBUG;
				SWIFT_OPTIMIZATION_LEVEL = "-Onone";
			};
			name = Debug;
		};
		D8E3B8C223070C6100E2B0B8 /* Release */ = {
			isa = XCBuildConfiguration;
			buildSettings = {
				ALWAYS_SEARCH_USER_PATHS = NO;
				CLANG_ANALYZER_NONNULL = YES;
				CLANG_ANALYZER_NUMBER_OBJECT_CONVERSION = YES_AGGRESSIVE;
				CLANG_CXX_LANGUAGE_STANDARD = "gnu++14";
				CLANG_CXX_LIBRARY = "libc++";
				CLANG_ENABLE_MODULES = YES;
				CLANG_ENABLE_OBJC_ARC = YES;
				CLANG_ENABLE_OBJC_WEAK = YES;
				CLANG_WARN_BLOCK_CAPTURE_AUTORELEASING = YES;
				CLANG_WARN_BOOL_CONVERSION = YES;
				CLANG_WARN_COMMA = YES;
				CLANG_WARN_CONSTANT_CONVERSION = YES;
				CLANG_WARN_DEPRECATED_OBJC_IMPLEMENTATIONS = YES;
				CLANG_WARN_DIRECT_OBJC_ISA_USAGE = YES_ERROR;
				CLANG_WARN_DOCUMENTATION_COMMENTS = YES;
				CLANG_WARN_EMPTY_BODY = YES;
				CLANG_WARN_ENUM_CONVERSION = YES;
				CLANG_WARN_INFINITE_RECURSION = YES;
				CLANG_WARN_INT_CONVERSION = YES;
				CLANG_WARN_NON_LITERAL_NULL_CONVERSION = YES;
				CLANG_WARN_OBJC_IMPLICIT_RETAIN_SELF = YES;
				CLANG_WARN_OBJC_LITERAL_CONVERSION = YES;
				CLANG_WARN_OBJC_ROOT_CLASS = YES_ERROR;
				CLANG_WARN_RANGE_LOOP_ANALYSIS = YES;
				CLANG_WARN_STRICT_PROTOTYPES = YES;
				CLANG_WARN_SUSPICIOUS_MOVE = YES;
				CLANG_WARN_UNGUARDED_AVAILABILITY = YES_AGGRESSIVE;
				CLANG_WARN_UNREACHABLE_CODE = YES;
				CLANG_WARN__DUPLICATE_METHOD_MATCH = YES;
				CODE_SIGN_IDENTITY = "iPhone Developer";
				COPY_PHASE_STRIP = NO;
				DEBUG_INFORMATION_FORMAT = "dwarf-with-dsym";
				ENABLE_NS_ASSERTIONS = NO;
				ENABLE_STRICT_OBJC_MSGSEND = YES;
				GCC_C_LANGUAGE_STANDARD = gnu11;
				GCC_NO_COMMON_BLOCKS = YES;
				GCC_WARN_64_TO_32_BIT_CONVERSION = YES;
				GCC_WARN_ABOUT_RETURN_TYPE = YES_ERROR;
				GCC_WARN_UNDECLARED_SELECTOR = YES;
				GCC_WARN_UNINITIALIZED_AUTOS = YES_AGGRESSIVE;
				GCC_WARN_UNUSED_FUNCTION = YES;
				GCC_WARN_UNUSED_VARIABLE = YES;
				IPHONEOS_DEPLOYMENT_TARGET = 12.4;
				MTL_ENABLE_DEBUG_INFO = NO;
				MTL_FAST_MATH = YES;
				SDKROOT = iphoneos;
				SWIFT_COMPILATION_MODE = wholemodule;
				SWIFT_OPTIMIZATION_LEVEL = "-O";
				VALIDATE_PRODUCT = YES;
			};
			name = Release;
		};
		D8E3B8C423070C6100E2B0B8 /* Debug */ = {
			isa = XCBuildConfiguration;
			buildSettings = {
				ASSETCATALOG_COMPILER_APPICON_NAME = AppIcon;
				CODE_SIGN_STYLE = Automatic;
				DEVELOPMENT_TEAM = VL892F87QQ;
				INFOPLIST_FILE = Replate/Info.plist;
				LD_RUNPATH_SEARCH_PATHS = (
					"$(inherited)",
					"@executable_path/Frameworks",
				);
				PRODUCT_BUNDLE_IDENTIFIER = com.glaslabs.Replate;
				PRODUCT_NAME = "$(TARGET_NAME)";
				SWIFT_VERSION = 5.0;
				TARGETED_DEVICE_FAMILY = "1,2";
			};
			name = Debug;
		};
		D8E3B8C523070C6100E2B0B8 /* Release */ = {
			isa = XCBuildConfiguration;
			buildSettings = {
				ASSETCATALOG_COMPILER_APPICON_NAME = AppIcon;
				CODE_SIGN_STYLE = Automatic;
				DEVELOPMENT_TEAM = VL892F87QQ;
				INFOPLIST_FILE = Replate/Info.plist;
				LD_RUNPATH_SEARCH_PATHS = (
					"$(inherited)",
					"@executable_path/Frameworks",
				);
				PRODUCT_BUNDLE_IDENTIFIER = com.glaslabs.Replate;
				PRODUCT_NAME = "$(TARGET_NAME)";
				SWIFT_VERSION = 5.0;
				TARGETED_DEVICE_FAMILY = "1,2";
			};
			name = Release;
		};
/* End XCBuildConfiguration section */

/* Begin XCConfigurationList section */
		D8E3B8AC23070C5F00E2B0B8 /* Build configuration list for PBXProject "Replate" */ = {
			isa = XCConfigurationList;
			buildConfigurations = (
				D8E3B8C123070C6100E2B0B8 /* Debug */,
				D8E3B8C223070C6100E2B0B8 /* Release */,
			);
			defaultConfigurationIsVisible = 0;
			defaultConfigurationName = Release;
		};
		D8E3B8C323070C6100E2B0B8 /* Build configuration list for PBXNativeTarget "Replate" */ = {
			isa = XCConfigurationList;
			buildConfigurations = (
				D8E3B8C423070C6100E2B0B8 /* Debug */,
				D8E3B8C523070C6100E2B0B8 /* Release */,
			);
			defaultConfigurationIsVisible = 0;
			defaultConfigurationName = Release;
		};
/* End XCConfigurationList section */
	};
	rootObject = D8E3B8A923070C5F00E2B0B8 /* Project object */;
}
